
Microsoft Visual Studio Solution File, Format Version 12.00
# Visual Studio Version 17
VisualStudioVersion = 17.13.35825.156 d17.13
MinimumVisualStudioVersion = 10.0.40219.1
Project("{FAE04EC0-301F-11D3-BF4B-00C04F79EFBC}") = "ICETASK3", "ICETASK3\ICETASK3.csproj", "{AFD45889-19BD-4539-9A7A-547F527E82F5}"
EndProject
Global
	GlobalSection(SolutionConfigurationPlatforms) = preSolution
		Debug|Any CPU = Debug|Any CPU
		Release|Any CPU = Release|Any CPU
	EndGlobalSection
	GlobalSection(ProjectConfigurationPlatforms) = postSolution
		{AFD45889-19BD-4539-9A7A-547F527E82F5}.Debug|Any CPU.ActiveCfg = Debug|Any CPU
		{AFD45889-19BD-4539-9A7A-547F527E82F5}.Debug|Any CPU.Build.0 = Debug|Any CPU
		{AFD45889-19BD-4539-9A7A-547F527E82F5}.Release|Any CPU.ActiveCfg = Release|Any CPU
		{AFD45889-19BD-4539-9A7A-547F527E82F5}.Release|Any CPU.Build.0 = Release|Any CPU
	EndGlobalSection
	GlobalSection(SolutionProperties) = preSolution
		HideSolutionNode = FALSE
	EndGlobalSection
	GlobalSection(ExtensibilityGlobals) = postSolution
		SolutionGuid = {4BE5D0FE-AA05-4FA0-B09D-6ED986C36393}
	EndGlobalSection
EndGlobal
